
Microsoft Visual Studio Solution File, Format Version 12.00
# Visual Studio Version 17
VisualStudioVersion = 17.7.34031.279
MinimumVisualStudioVersion = 10.0.40219.1
Project("{FAE04EC0-301F-11D3-BF4B-00C04F79EFBC}") = "Lab1", "Lab1\Lab1.csproj", "{131F3AB1-DB38-4A88-9E49-9A328B69BCEB}"
EndProject
Global
	GlobalSection(SolutionConfigurationPlatforms) = preSolution
		Debug|Any CPU = Debug|Any CPU
		Release|Any CPU = Release|Any CPU
	EndGlobalSection
	GlobalSection(ProjectConfigurationPlatforms) = postSolution
		{131F3AB1-DB38-4A88-9E49-9A328B69BCEB}.Debug|Any CPU.ActiveCfg = Debug|Any CPU
		{131F3AB1-DB38-4A88-9E49-9A328B69BCEB}.Debug|Any CPU.Build.0 = Debug|Any CPU
		{131F3AB1-DB38-4A88-9E49-9A328B69BCEB}.Release|Any CPU.ActiveCfg = Release|Any CPU
		{131F3AB1-DB38-4A88-9E49-9A328B69BCEB}.Release|Any CPU.Build.0 = Release|Any CPU
	EndGlobalSection
	GlobalSection(SolutionProperties) = preSolution
		HideSolutionNode = FALSE
	EndGlobalSection
	GlobalSection(ExtensibilityGlobals) = postSolution
		SolutionGuid = {E04178DA-946B-4498-8D78-0FBF2A1352A6}
	EndGlobalSection
EndGlobal
